dependencies:
- name: redis
  repository: https://charts.bitnami.com/bitnami
  version: 25.5.2
- name: postgresql
  repository: https://charts.bitnami.com/bitnami
  version: 18.0.17
- name: clickhouse
  repository: https://charts.bitnami.com/bitnami
  version: 9.4.4
- name: vector
  repository: https://helm.vector.dev
  version: 0.52.0
- name: vector
  repository: https://helm.vector.dev
  version: 0.52.0
digest: sha256:abc0ed9fa93cf5be81d387aa9ab469bca36493ec7489de200b1df17396d0c972
generated: "2026-05-22T18:52:18.088408967Z"
